
Microsoft Visual Studio Solution File, Format Version 12.00
# Visual Studio Version 17
VisualStudioVersion = 17.8.34511.84
MinimumVisualStudioVersion = 10.0.40219.1
Project("{FAE04EC0-301F-11D3-BF4B-00C04F79EFBC}") = "CivicTrack.Api", "CivicTrack.Api.csproj", "{DC80A1DE-9D7E-47EC-BF23-8A28838DCC74}"
EndProject
Global
	GlobalSection(SolutionConfigurationPlatforms) = preSolution
		Debug|Any CPU = Debug|Any CPU
		Release|Any CPU = Release|Any CPU
	EndGlobalSection
	GlobalSection(ProjectConfigurationPlatforms) = postSolution
		{DC80A1DE-9D7E-47EC-BF23-8A28838DCC74}.Debug|Any CPU.ActiveCfg = Debug|Any CPU
		{DC80A1DE-9D7E-47EC-BF23-8A28838DCC74}.Debug|Any CPU.Build.0 = Debug|Any CPU
		{DC80A1DE-9D7E-47EC-BF23-8A28838DCC74}.Release|Any CPU.ActiveCfg = Release|Any CPU
		{DC80A1DE-9D7E-47EC-BF23-8A28838DCC74}.Release|Any CPU.Build.0 = Release|Any CPU
	EndGlobalSection
	GlobalSection(SolutionProperties) = preSolution
		HideSolutionNode = FALSE
	EndGlobalSection
	GlobalSection(ExtensibilityGlobals) = postSolution
		SolutionGuid = {BEA09636-38AB-4179-8F44-12E1A8525AE8}
	EndGlobalSection
EndGlobal
